// !$*UTF8*$!
{
	archiveVersion = 1;
	classes = {
	};
	objectVersion = 46;
	objects = {

/* Begin PBXBuildFile section */
		22F32C5F1A82984300C65DF9 /* fizz.h in Headers */ = {isa = PBXBuildFile; fileRef = 22F32C5E1A82984300C65DF9 /* fizz.h */; };
		22F32C611A82984300C65DF9 /* fizz.m in Sources */ = {isa = PBXBuildFile; fileRef = 22F32C601A82984300C65DF9 /* fizz.m */; };
/* End PBXBuildFile section */

/* Begin PBXFileReference section */
		22F32C5B1A82984300C65DF9 /* libfizz.a */ = {isa = PBXFileReference; explicitFileType = archive.ar; includeInIndex = 0; path = libfizz.a; sourceTree = BUILT_PRODUCTS_DIR; };
		22F32C5E1A82984300C65DF9 /* fizz.h */ = {isa = PBXFileReference; lastKnownFileType = sourcecode.c.h; path = fizz.h; sourceTree = "<group>"; };
		22F32C601A82984300C65DF9 /* fizz.m */ = {isa = PBXFileReference; lastKnownFileType = sourcecode.c.objc; path = fizz.m; sourceTree = "<group>"; };
		22F32CBA1A866C0500C65DF9 /* Debug.xcconfig */ = {isa = PBXFileReference; lastKnownFileType = text.xcconfig; path = Debug.xcconfig; sourceTree = "<group>"; };
/* End PBXFileReference section */

/* Begin PBXFrameworksBuildPhase section */
		22F32C581A82984300C65DF9 /* Frameworks */ = {
			isa = PBXFrameworksBuildPhase;
			buildActionMask = 2147483647;
			files = (
			);
			runOnlyForDeploymentPostprocessing = 0;
		};
/* End PBXFrameworksBuildPhase section */

/* Begin PBXGroup section */
		22F32C521A82984300C65DF9 = {
			isa = PBXGroup;
			children = (
				22F32CBA1A866C0500C65DF9 /* Debug.xcconfig */,
				22F32C5D1A82984300C65DF9 /* fizz */,
				22F32C5C1A82984300C65DF9 /* Products */,
			);
			sourceTree = "<group>";
		};
		22F32C5C1A82984300C65DF9 /* Products */ = {
			isa = PBXGroup;
			children = (
				22F32C5B1A82984300C65DF9 /* libfizz.a */,
			);
			name = Products;
			sourceTree = "<group>";
		};
		22F32C5D1A82984300C65DF9 /* fizz */ = {
			isa = PBXGroup;
			children = (
				22F32C5E1A82984300C65DF9 /* fizz.h */,
				22F32C601A82984300C65DF9 /* fizz.m */,
			);
			path = fizz;
			sourceTree = "<group>";
		};
/* End PBXGroup section */

/* Begin PBXHeadersBuildPhase section */
		22F32C591A82984300C65DF9 /* Headers */ = {
			isa = PBXHeadersBuildPhase;
			buildActionMask = 2147483647;
			files = (
				22F32C5F1A82984300C65DF9 /* fizz.h in Headers */,
			);
			runOnlyForDeploymentPostprocessing = 0;
		};
/* End PBXHeadersBuildPhase section */

/* Begin PBXNativeTarget section */
		22F32C5A1A82984300C65DF9 /* fizz */ = {
			isa = PBXNativeTarget;
			buildConfigurationList = 22F32C6F1A82984300C65DF9 /* Build configuration list for PBXNativeTarget "fizz" */;
			buildPhases = (
				22F32C571A82984300C65DF9 /* Sources */,
				22F32C581A82984300C65DF9 /* Frameworks */,
				22F32C591A82984300C65DF9 /* Headers */,
			);
			buildRules = (
			);
			dependencies = (
			);
			name = fizz;
			productName = fizz;
			productReference = 22F32C5B1A82984300C65DF9 /* libfizz.a */;
			productType = "com.apple.product-type.library.static";
		};
/* End PBXNativeTarget section */

/* Begin PBXProject section */
		22F32C531A82984300C65DF9 /* Project object */ = {
			isa = PBXProject;
			attributes = {
				LastUpgradeCheck = 0610;
				ORGANIZATIONNAME = "Sam Marshall";
				TargetAttributes = {
					22F32C5A1A82984300C65DF9 = {
						CreatedOnToolsVersion = 6.1;
					};
				};
			};
			buildConfigurationList = 22F32C561A82984300C65DF9 /* Build configuration list for PBXProject "nested-project" */;
			compatibilityVersion = "Xcode 3.2";
			developmentRegion = English;
			hasScannedForEncodings = 0;
			knownRegions = (
				en,
			);
			mainGroup = 22F32C521A82984300C65DF9;
			productRefGroup = 22F32C5C1A82984300C65DF9 /* Products */;
			projectDirPath = "";
			projectRoot = "";
			targets = (
				22F32C5A1A82984300C65DF9 /* fizz */,
			);
		};
/* End PBXProject section */

/* Begin PBXSourcesBuildPhase section */
		22F32C571A82984300C65DF9 /* Sources */ = {
			isa = PBXSourcesBuildPhase;
			buildActionMask = 2147483647;
			files = (
				22F32C611A82984300C65DF9 /* fizz.m in Sources */,
			);
			runOnlyForDeploymentPostprocessing = 0;
		};
/* End PBXSourcesBuildPhase section */

/* Begin XCBuildConfiguration section */
		22F32C6D1A82984300C65DF9 /* Debug */ = {
			isa = XCBuildConfiguration;
			baseConfigurationReference = 22F32CBA1A866C0500C65DF9 /* Debug.xcconfig */;
			buildSettings = {
				ALWAYS_SEARCH_USER_PATHS = NO;
				CLANG_CXX_LANGUAGE_STANDARD = "gnu++0x";
				CLANG_CXX_LIBRARY = "libc++";
				CLANG_ENABLE_MODULES = YES;
				CLANG_ENABLE_OBJC_ARC = YES;
				CLANG_WARN_BOOL_CONVERSION = YES;
				CLANG_WARN_CONSTANT_CONVERSION = YES;
				CLANG_WARN_DIRECT_OBJC_ISA_USAGE = YES_ERROR;
				CLANG_WARN_EMPTY_BODY = YES;
				CLANG_WARN_ENUM_CONVERSION = YES;
				CLANG_WARN_INT_CONVERSION = YES;
				CLANG_WARN_OBJC_ROOT_CLASS = YES_ERROR;
				CLANG_WARN_UNREACHABLE_CODE = YES;
				CLANG_WARN__DUPLICATE_METHOD_MATCH = YES;
				COPY_PHASE_STRIP = NO;
				ENABLE_STRICT_OBJC_MSGSEND = YES;
				GCC_C_LANGUAGE_STANDARD = gnu99;
				GCC_DYNAMIC_NO_PIC = NO;
				GCC_OPTIMIZATION_LEVEL = 0;
				GCC_PREPROCESSOR_DEFINITIONS = (
					"DEBUG=1",
					"$(inherited)",
				);
				GCC_SYMBOLS_PRIVATE_EXTERN = NO;
				GCC_WARN_64_TO_32_BIT_CONVERSION = YES;
				GCC_WARN_ABOUT_RETURN_TYPE = YES_ERROR;
				GCC_WARN_UNDECLARED_SELECTOR = YES;
				GCC_WARN_UNINITIALIZED_AUTOS = YES_AGGRESSIVE;
				GCC_WARN_UNUSED_FUNCTION = YES;
				GCC_WARN_UNUSED_VARIABLE = YES;
				MACOSX_DEPLOYMENT_TARGET = 10.9;
				MTL_ENABLE_DEBUG_INFO = YES;
				ONLY_ACTIVE_ARCH = YES;
				SDKROOT = macosx;
			};
			name = Debug;
		};
		22F32C6E1A82984300C65DF9 /* Release */ = {
			isa = XCBuildConfiguration;
			buildSettings = {
				ALWAYS_SEARCH_USER_PATHS = NO;
				CLANG_CXX_LANGUAGE_STANDARD = "gnu++0x";
				CLANG_CXX_LIBRARY = "libc++";
				CLANG_ENABLE_MODULES = YES;
				CLANG_ENABLE_OBJC_ARC = YES;
				CLANG_WARN_BOOL_CONVERSION = YES;
				CLANG_WARN_CONSTANT_CONVERSION = YES;
				CLANG_WARN_DIRECT_OBJC_ISA_USAGE = YES_ERROR;
				CLANG_WARN_EMPTY_BODY = YES;
				CLANG_WARN_ENUM_CONVERSION = YES;
				CLANG_WARN_INT_CONVERSION = YES;
				CLANG_WARN_OBJC_ROOT_CLASS = YES_ERROR;
				CLANG_WARN_UNREACHABLE_CODE = YES;
				CLANG_WARN__DUPLICATE_METHOD_MATCH = YES;
				COPY_PHASE_STRIP = YES;
				DEBUG_INFORMATION_FORMAT = "dwarf-with-dsym";
				ENABLE_NS_ASSERTIONS = NO;
				ENABLE_STRICT_OBJC_MSGSEND = YES;
				GCC_C_LANGUAGE_STANDARD = gnu99;
				GCC_WARN_64_TO_32_BIT_CONVERSION = YES;
				GCC_WARN_ABOUT_RETURN_TYPE = YES_ERROR;
				GCC_WARN_UNDECLARED_SELECTOR = YES;
				GCC_WARN_UNINITIALIZED_AUTOS = YES_AGGRESSIVE;
				GCC_WARN_UNUSED_FUNCTION = YES;
				GCC_WARN_UNUSED_VARIABLE = YES;
				MACOSX_DEPLOYMENT_TARGET = 10.9;
				MTL_ENABLE_DEBUG_INFO = NO;
				SDKROOT = macosx;
			};
			name = Release;
		};
		22F32C701A82984300C65DF9 /* Debug */ = {
			isa = XCBuildConfiguration;
			buildSettings = {
				EXECUTABLE_PREFIX = lib;
				PRODUCT_NAME = "$(TARGET_NAME)";
			};
			name = Debug;
		};
		22F32C711A82984300C65DF9 /* Release */ = {
			isa = XCBuildConfiguration;
			buildSettings = {
				EXECUTABLE_PREFIX = lib;
				PRODUCT_NAME = "$(TARGET_NAME)";
			};
			name = Release;
		};
/* End XCBuildConfiguration section */

/* Begin XCConfigurationList section */
		22F32C561A82984300C65DF9 /* Build configuration list for PBXProject "nested-project" */ = {
			isa = XCConfigurationList;
			buildConfigurations = (
				22F32C6D1A82984300C65DF9 /* Debug */,
				22F32C6E1A82984300C65DF9 /* Release */,
			);
			defaultConfigurationIsVisible = 0;
			defaultConfigurationName = Release;
		};
		22F32C6F1A82984300C65DF9 /* Build configuration list for PBXNativeTarget "fizz" */ = {
			isa = XCConfigurationList;
			buildConfigurations = (
				22F32C701A82984300C65DF9 /* Debug */,
				22F32C711A82984300C65DF9 /* Release */,
			);
			defaultConfigurationIsVisible = 0;
			defaultConfigurationName = Release;
		};
/* End XCConfigurationList section */
	};
	rootObject = 22F32C531A82984300C65DF9 /* Project object */;
}
